// !$*UTF8*$!
{
	archiveVersion = 1;
	classes = {
	};
	objectVersion = 50;
	objects = {

/* Begin PBXBuildFile section */
		2A650BFF26B75809004A4700 /* AppDelegate.swift in Sources */ = {isa = PBXBuildFile; fileRef = 2A650BFE26B75809004A4700 /* AppDelegate.swift */; };
		2A650C0126B75809004A4700 /* SceneDelegate.swift in Sources */ = {isa = PBXBuildFile; fileRef = 2A650C0026B75809004A4700 /* SceneDelegate.swift */; };
		2A650C0326B75809004A4700 /* ViewController.swift in Sources */ = {isa = PBXBuildFile; fileRef = 2A650C0226B75809004A4700 /* ViewController.swift */; };
		2A650C0626B75809004A4700 /* Main.storyboard in Resources */ = {isa = PBXBuildFile; fileRef = 2A650C0426B75809004A4700 /* Main.storyboard */; };
		2A650C0826B75811004A4700 /* Assets.xcassets in Resources */ = {isa = PBXBuildFile; fileRef = 2A650C0726B75811004A4700 /* Assets.xcassets */; };
		2A650C0B26B75811004A4700 /* LaunchScreen.storyboard in Resources */ = {isa = PBXBuildFile; fileRef = 2A650C0926B75811004A4700 /* LaunchScreen.storyboard */; };
		2A650C1626B75812004A4700 /* CalculadoraDigitalHouseTests.swift in Sources */ = {isa = PBXBuildFile; fileRef = 2A650C1526B75812004A4700 /* CalculadoraDigitalHouseTests.swift */; };
		2A650C2126B75812004A4700 /* CalculadoraDigitalHouseUITests.swift in Sources */ = {isa = PBXBuildFile; fileRef = 2A650C2026B75812004A4700 /* CalculadoraDigitalHouseUITests.swift */; };
		2A79EEEC26B8720A00D212B7 /* TipoOperacao.swift in Sources */ = {isa = PBXBuildFile; fileRef = 2A79EEEB26B8720A00D212B7 /* TipoOperacao.swift */; };
/* End PBXBuildFile section */

/* Begin PBXContainerItemProxy section */
		2A650C1226B75812004A4700 /* PBXContainerItemProxy */ = {
			isa = PBXContainerItemProxy;
			containerPortal = 2A650BF326B75808004A4700 /* Project object */;
			proxyType = 1;
			remoteGlobalIDString = 2A650BFA26B75809004A4700;
			remoteInfo = CalculadoraDigitalHouse;
		};
		2A650C1D26B75812004A4700 /* PBXContainerItemProxy */ = {
			isa = PBXContainerItemProxy;
			containerPortal = 2A650BF326B75808004A4700 /* Project object */;
			proxyType = 1;
			remoteGlobalIDString = 2A650BFA26B75809004A4700;
			remoteInfo = CalculadoraDigitalHouse;
		};
/* End PBXContainerItemProxy section */

/* Begin PBXFileReference section */
		2A650BFB26B75809004A4700 /* CalculadoraDigitalHouse.app */ = {isa = PBXFileReference; explicitFileType = wrapper.application; includeInIndex = 0; path = CalculadoraDigitalHouse.app; sourceTree = BUILT_PRODUCTS_DIR; };
		2A650BFE26B75809004A4700 /* AppDelegate.swift */ = {isa = PBXFileReference; lastKnownFileType = sourcecode.swift; path = AppDelegate.swift; sourceTree = "<group>"; };
		2A650C0026B75809004A4700 /* SceneDelegate.swift */ = {isa = PBXFileReference; lastKnownFileType = sourcecode.swift; path = SceneDelegate.swift; sourceTree = "<group>"; };
		2A650C0226B75809004A4700 /* ViewController.swift */ = {isa = PBXFileReference; lastKnownFileType = sourcecode.swift; path = ViewController.swift; sourceTree = "<group>"; };
		2A650C0526B75809004A4700 /* Base */ = {isa = PBXFileReference; lastKnownFileType = file.storyboard; name = Base; path = Base.lproj/Main.storyboard; sourceTree = "<group>"; };
		2A650C0726B75811004A4700 /* Assets.xcassets */ = {isa = PBXFileReference; lastKnownFileType = folder.assetcatalog; path = Assets.xcassets; sourceTree = "<group>"; };
		2A650C0A26B75811004A4700 /* Base */ = {isa = PBXFileReference; lastKnownFileType = file.storyboard; name = Base; path = Base.lproj/LaunchScreen.storyboard; sourceTree = "<group>"; };
		2A650C0C26B75811004A4700 /* Info.plist */ = {isa = PBXFileReference; lastKnownFileType = text.plist.xml; path = Info.plist; sourceTree = "<group>"; };
		2A650C1126B75812004A4700 /* CalculadoraDigitalHouseTests.xctest */ = {isa = PBXFileReference; explicitFileType = wrapper.cfbundle; includeInIndex = 0; path = CalculadoraDigitalHouseTests.xctest; sourceTree = BUILT_PRODUCTS_DIR; };
		2A650C1526B75812004A4700 /* CalculadoraDigitalHouseTests.swift */ = {isa = PBXFileReference; lastKnownFileType = sourcecode.swift; path = CalculadoraDigitalHouseTests.swift; sourceTree = "<group>"; };
		2A650C1726B75812004A4700 /* Info.plist */ = {isa = PBXFileReference; lastKnownFileType = text.plist.xml; path = Info.plist; sourceTree = "<group>"; };
		2A650C1C26B75812004A4700 /* CalculadoraDigitalHouseUITests.xctest */ = {isa = PBXFileReference; explicitFileType = wrapper.cfbundle; includeInIndex = 0; path = CalculadoraDigitalHouseUITests.xctest; sourceTree = BUILT_PRODUCTS_DIR; };
		2A650C2026B75812004A4700 /* CalculadoraDigitalHouseUITests.swift */ = {isa = PBXFileReference; lastKnownFileType = sourcecode.swift; path = CalculadoraDigitalHouseUITests.swift; sourceTree = "<group>"; };
		2A650C2226B75812004A4700 /* Info.plist */ = {isa = PBXFileReference; lastKnownFileType = text.plist.xml; path = Info.plist; sourceTree = "<group>"; };
		2A79EEEB26B8720A00D212B7 /* TipoOperacao.swift */ = {isa = PBXFileReference; lastKnownFileType = sourcecode.swift; path = TipoOperacao.swift; sourceTree = "<group>"; };
/* End PBXFileReference section */

/* Begin PBXFrameworksBuildPhase section */
		2A650BF826B75809004A4700 /* Frameworks */ = {
			isa = PBXFrameworksBuildPhase;
			buildActionMask = 2147483647;
			files = (
			);
			runOnlyForDeploymentPostprocessing = 0;
		};
		2A650C0E26B75812004A4700 /* Frameworks */ = {
			isa = PBXFrameworksBuildPhase;
			buildActionMask = 2147483647;
			files = (
			);
			runOnlyForDeploymentPostprocessing = 0;
		};
		2A650C1926B75812004A4700 /* Frameworks */ = {
			isa = PBXFrameworksBuildPhase;
			buildActionMask = 2147483647;
			files = (
			);
			runOnlyForDeploymentPostprocessing = 0;
		};
/* End PBXFrameworksBuildPhase section */

/* Begin PBXGroup section */
		2A650BF226B75808004A4700 = {
			isa = PBXGroup;
			children = (
				2A650BFD26B75809004A4700 /* CalculadoraDigitalHouse */,
				2A650C1426B75812004A4700 /* CalculadoraDigitalHouseTests */,
				2A650C1F26B75812004A4700 /* CalculadoraDigitalHouseUITests */,
				2A650BFC26B75809004A4700 /* Products */,
			);
			sourceTree = "<group>";
		};
		2A650BFC26B75809004A4700 /* Products */ = {
			isa = PBXGroup;
			children = (
				2A650BFB26B75809004A4700 /* CalculadoraDigitalHouse.app */,
				2A650C1126B75812004A4700 /* CalculadoraDigitalHouseTests.xctest */,
				2A650C1C26B75812004A4700 /* CalculadoraDigitalHouseUITests.xctest */,
			);
			name = Products;
			sourceTree = "<group>";
		};
		2A650BFD26B75809004A4700 /* CalculadoraDigitalHouse */ = {
			isa = PBXGroup;
			children = (
				2A650BFE26B75809004A4700 /* AppDelegate.swift */,
				2A650C0026B75809004A4700 /* SceneDelegate.swift */,
				2A650C0226B75809004A4700 /* ViewController.swift */,
				2A650C0426B75809004A4700 /* Main.storyboard */,
				2A650C0726B75811004A4700 /* Assets.xcassets */,
				2A650C0926B75811004A4700 /* LaunchScreen.storyboard */,
				2A650C0C26B75811004A4700 /* Info.plist */,
				2A79EEEB26B8720A00D212B7 /* TipoOperacao.swift */,
			);
			path = CalculadoraDigitalHouse;
			sourceTree = "<group>";
		};
		2A650C1426B75812004A4700 /* CalculadoraDigitalHouseTests */ = {
			isa = PBXGroup;
			children = (
				2A650C1526B75812004A4700 /* CalculadoraDigitalHouseTests.swift */,
				2A650C1726B75812004A4700 /* Info.plist */,
			);
			path = CalculadoraDigitalHouseTests;
			sourceTree = "<group>";
		};
		2A650C1F26B75812004A4700 /* CalculadoraDigitalHouseUITests */ = {
			isa = PBXGroup;
			children = (
				2A650C2026B75812004A4700 /* CalculadoraDigitalHouseUITests.swift */,
				2A650C2226B75812004A4700 /* Info.plist */,
			);
			path = CalculadoraDigitalHouseUITests;
			sourceTree = "<group>";
		};
/* End PBXGroup section */

/* Begin PBXNativeTarget section */
		2A650BFA26B75809004A4700 /* CalculadoraDigitalHouse */ = {
			isa = PBXNativeTarget;
			buildConfigurationList = 2A650C2526B75812004A4700 /* Build configuration list for PBXNativeTarget "CalculadoraDigitalHouse" */;
			buildPhases = (
				2A650BF726B75809004A4700 /* Sources */,
				2A650BF826B75809004A4700 /* Frameworks */,
				2A650BF926B75809004A4700 /* Resources */,
			);
			buildRules = (
			);
			dependencies = (
			);
			name = CalculadoraDigitalHouse;
			productName = CalculadoraDigitalHouse;
			productReference = 2A650BFB26B75809004A4700 /* CalculadoraDigitalHouse.app */;
			productType = "com.apple.product-type.application";
		};
		2A650C1026B75812004A4700 /* CalculadoraDigitalHouseTests */ = {
			isa = PBXNativeTarget;
			buildConfigurationList = 2A650C2826B75812004A4700 /* Build configuration list for PBXNativeTarget "CalculadoraDigitalHouseTests" */;
			buildPhases = (
				2A650C0D26B75812004A4700 /* Sources */,
				2A650C0E26B75812004A4700 /* Frameworks */,
				2A650C0F26B75812004A4700 /* Resources */,
			);
			buildRules = (
			);
			dependencies = (
				2A650C1326B75812004A4700 /* PBXTargetDependency */,
			);
			name = CalculadoraDigitalHouseTests;
			productName = CalculadoraDigitalHouseTests;
			productReference = 2A650C1126B75812004A4700 /* CalculadoraDigitalHouseTests.xctest */;
			productType = "com.apple.product-type.bundle.unit-test";
		};
		2A650C1B26B75812004A4700 /* CalculadoraDigitalHouseUITests */ = {
			isa = PBXNativeTarget;
			buildConfigurationList = 2A650C2B26B75812004A4700 /* Build configuration list for PBXNativeTarget "CalculadoraDigitalHouseUITests" */;
			buildPhases = (
				2A650C1826B75812004A4700 /* Sources */,
				2A650C1926B75812004A4700 /* Frameworks */,
				2A650C1A26B75812004A4700 /* Resources */,
			);
			buildRules = (
			);
			dependencies = (
				2A650C1E26B75812004A4700 /* PBXTargetDependency */,
			);
			name = CalculadoraDigitalHouseUITests;
			productName = CalculadoraDigitalHouseUITests;
			productReference = 2A650C1C26B75812004A4700 /* CalculadoraDigitalHouseUITests.xctest */;
			productType = "com.apple.product-type.bundle.ui-testing";
		};
/* End PBXNativeTarget section */

/* Begin PBXProject section */
		2A650BF326B75808004A4700 /* Project object */ = {
			isa = PBXProject;
			attributes = {
				LastSwiftUpdateCheck = 1250;
				LastUpgradeCheck = 1250;
				TargetAttributes = {
					2A650BFA26B75809004A4700 = {
						CreatedOnToolsVersion = 12.5.1;
					};
					2A650C1026B75812004A4700 = {
						CreatedOnToolsVersion = 12.5.1;
						TestTargetID = 2A650BFA26B75809004A4700;
					};
					2A650C1B26B75812004A4700 = {
						CreatedOnToolsVersion = 12.5.1;
						TestTargetID = 2A650BFA26B75809004A4700;
					};
				};
			};
			buildConfigurationList = 2A650BF626B75808004A4700 /* Build configuration list for PBXProject "CalculadoraDigitalHouse" */;
			compatibilityVersion = "Xcode 9.3";
			developmentRegion = en;
			hasScannedForEncodings = 0;
			knownRegions = (
				en,
				Base,
			);
			mainGroup = 2A650BF226B75808004A4700;
			productRefGroup = 2A650BFC26B75809004A4700 /* Products */;
			projectDirPath = "";
			projectRoot = "";
			targets = (
				2A650BFA26B75809004A4700 /* CalculadoraDigitalHouse */,
				2A650C1026B75812004A4700 /* CalculadoraDigitalHouseTests */,
				2A650C1B26B75812004A4700 /* CalculadoraDigitalHouseUITests */,
			);
		};
/* End PBXProject section */

/* Begin PBXResourcesBuildPhase section */
		2A650BF926B75809004A4700 /* Resources */ = {
			isa = PBXResourcesBuildPhase;
			buildActionMask = 2147483647;
			files = (
				2A650C0B26B75811004A4700 /* LaunchScreen.storyboard in Resources */,
				2A650C0826B75811004A4700 /* Assets.xcassets in Resources */,
				2A650C0626B75809004A4700 /* Main.storyboard in Resources */,
			);
			runOnlyForDeploymentPostprocessing = 0;
		};
		2A650C0F26B75812004A4700 /* Resources */ = {
			isa = PBXResourcesBuildPhase;
			buildActionMask = 2147483647;
			files = (
			);
			runOnlyForDeploymentPostprocessing = 0;
		};
		2A650C1A26B75812004A4700 /* Resources */ = {
			isa = PBXResourcesBuildPhase;
			buildActionMask = 2147483647;
			files = (
			);
			runOnlyForDeploymentPostprocessing = 0;
		};
/* End PBXResourcesBuildPhase section */

/* Begin PBXSourcesBuildPhase section */
		2A650BF726B75809004A4700 /* Sources */ = {
			isa = PBXSourcesBuildPhase;
			buildActionMask = 2147483647;
			files = (
				2A650C0326B75809004A4700 /* ViewController.swift in Sources */,
				2A650BFF26B75809004A4700 /* AppDelegate.swift in Sources */,
				2A650C0126B75809004A4700 /* SceneDelegate.swift in Sources */,
				2A79EEEC26B8720A00D212B7 /* TipoOperacao.swift in Sources */,
			);
			runOnlyForDeploymentPostprocessing = 0;
		};
		2A650C0D26B75812004A4700 /* Sources */ = {
			isa = PBXSourcesBuildPhase;
			buildActionMask = 2147483647;
			files = (
				2A650C1626B75812004A4700 /* CalculadoraDigitalHouseTests.swift in Sources */,
			);
			runOnlyForDeploymentPostprocessing = 0;
		};
		2A650C1826B75812004A4700 /* Sources */ = {
			isa = PBXSourcesBuildPhase;
			buildActionMask = 2147483647;
			files = (
				2A650C2126B75812004A4700 /* CalculadoraDigitalHouseUITests.swift in Sources */,
			);
			runOnlyForDeploymentPostprocessing = 0;
		};
/* End PBXSourcesBuildPhase section */

/* Begin PBXTargetDependency section */
		2A650C1326B75812004A4700 /* PBXTargetDependency */ = {
			isa = PBXTargetDependency;
			target = 2A650BFA26B75809004A4700 /* CalculadoraDigitalHouse */;
			targetProxy = 2A650C1226B75812004A4700 /* PBXContainerItemProxy */;
		};
		2A650C1E26B75812004A4700 /* PBXTargetDependency */ = {
			isa = PBXTargetDependency;
			target = 2A650BFA26B75809004A4700 /* CalculadoraDigitalHouse */;
			targetProxy = 2A650C1D26B75812004A4700 /* PBXContainerItemProxy */;
		};
/* End PBXTargetDependency section */

/* Begin PBXVariantGroup section */
		2A650C0426B75809004A4700 /* Main.storyboard */ = {
			isa = PBXVariantGroup;
			children = (
				2A650C0526B75809004A4700 /* Base */,
			);
			name = Main.storyboard;
			sourceTree = "<group>";
		};
		2A650C0926B75811004A4700 /* LaunchScreen.storyboard */ = {
			isa = PBXVariantGroup;
			children = (
				2A650C0A26B75811004A4700 /* Base */,
			);
			name = LaunchScreen.storyboard;
			sourceTree = "<group>";
		};
/* End PBXVariantGroup section */

/* Begin XCBuildConfiguration section */
		2A650C2326B75812004A4700 /* Debug */ = {
			isa = XCBuildConfiguration;
			buildSettings = {
				ALWAYS_SEARCH_USER_PATHS = NO;
				CLANG_ANALYZER_NONNULL = YES;
				CLANG_ANALYZER_NUMBER_OBJECT_CONVERSION = YES_AGGRESSIVE;
				CLANG_CXX_LANGUAGE_STANDARD = "gnu++14";
				CLANG_CXX_LIBRARY = "libc++";
				CLANG_ENABLE_MODULES = YES;
				CLANG_ENABLE_OBJC_ARC = YES;
				CLANG_ENABLE_OBJC_WEAK = YES;
				CLANG_WARN_BLOCK_CAPTURE_AUTORELEASING = YES;
				CLANG_WARN_BOOL_CONVERSION = YES;
				CLANG_WARN_COMMA = YES;
				CLANG_WARN_CONSTANT_CONVERSION = YES;
				CLANG_WARN_DEPRECATED_OBJC_IMPLEMENTATIONS = YES;
				CLANG_WARN_DIRECT_OBJC_ISA_USAGE = YES_ERROR;
				CLANG_WARN_DOCUMENTATION_COMMENTS = YES;
				CLANG_WARN_EMPTY_BODY = YES;
				CLANG_WARN_ENUM_CONVERSION = YES;
				CLANG_WARN_INFINITE_RECURSION = YES;
				CLANG_WARN_INT_CONVERSION = YES;
				CLANG_WARN_NON_LITERAL_NULL_CONVERSION = YES;
				CLANG_WARN_OBJC_IMPLICIT_RETAIN_SELF = YES;
				CLANG_WARN_OBJC_LITERAL_CONVERSION = YES;
				CLANG_WARN_OBJC_ROOT_CLASS = YES_ERROR;
				CLANG_WARN_QUOTED_INCLUDE_IN_FRAMEWORK_HEADER = YES;
				CLANG_WARN_RANGE_LOOP_ANALYSIS = YES;
				CLANG_WARN_STRICT_PROTOTYPES = YES;
				CLANG_WARN_SUSPICIOUS_MOVE = YES;
				CLANG_WARN_UNGUARDED_AVAILABILITY = YES_AGGRESSIVE;
				CLANG_WARN_UNREACHABLE_CODE = YES;
				CLANG_WARN__DUPLICATE_METHOD_MATCH = YES;
				COPY_PHASE_STRIP = NO;
				DEBUG_INFORMATION_FORMAT = dwarf;
				ENABLE_STRICT_OBJC_MSGSEND = YES;
				ENABLE_TESTABILITY = YES;
				GCC_C_LANGUAGE_STANDARD = gnu11;
				GCC_DYNAMIC_NO_PIC = NO;
				GCC_NO_COMMON_BLOCKS = YES;
				GCC_OPTIMIZATION_LEVEL = 0;
				GCC_PREPROCESSOR_DEFINITIONS = (
					"DEBUG=1",
					"$(inherited)",
				);
				GCC_WARN_64_TO_32_BIT_CONVERSION = YES;
				GCC_WARN_ABOUT_RETURN_TYPE = YES_ERROR;
				GCC_WARN_UNDECLARED_SELECTOR = YES;
				GCC_WARN_UNINITIALIZED_AUTOS = YES_AGGRESSIVE;
				GCC_WARN_UNUSED_FUNCTION = YES;
				GCC_WARN_UNUSED_VARIABLE = YES;
				IPHONEOS_DEPLOYMENT_TARGET = 14.5;
				MTL_ENABLE_DEBUG_INFO = INCLUDE_SOURCE;
				MTL_FAST_MATH = YES;
				ONLY_ACTIVE_ARCH = YES;
				SDKROOT = iphoneos;
				SWIFT_ACTIVE_COMPILATION_CONDITIONS = DEBUG;
				SWIFT_OPTIMIZATION_LEVEL = "-Onone";
			};
			name = Debug;
		};
		2A650C2426B75812004A4700 /* Release */ = {
			isa = XCBuildConfiguration;
			buildSettings = {
				ALWAYS_SEARCH_USER_PATHS = NO;
				CLANG_ANALYZER_NONNULL = YES;
				CLANG_ANALYZER_NUMBER_OBJECT_CONVERSION = YES_AGGRESSIVE;
				CLANG_CXX_LANGUAGE_STANDARD = "gnu++14";
				CLANG_CXX_LIBRARY = "libc++";
				CLANG_ENABLE_MODULES = YES;
				CLANG_ENABLE_OBJC_ARC = YES;
				CLANG_ENABLE_OBJC_WEAK = YES;
				CLANG_WARN_BLOCK_CAPTURE_AUTORELEASING = YES;
				CLANG_WARN_BOOL_CONVERSION = YES;
				CLANG_WARN_COMMA = YES;
				CLANG_WARN_CONSTANT_CONVERSION = YES;
				CLANG_WARN_DEPRECATED_OBJC_IMPLEMENTATIONS = YES;
				CLANG_WARN_DIRECT_OBJC_ISA_USAGE = YES_ERROR;
				CLANG_WARN_DOCUMENTATION_COMMENTS = YES;
				CLANG_WARN_EMPTY_BODY = YES;
				CLANG_WARN_ENUM_CONVERSION = YES;
				CLANG_WARN_INFINITE_RECURSION = YES;
				CLANG_WARN_INT_CONVERSION = YES;
				CLANG_WARN_NON_LITERAL_NULL_CONVERSION = YES;
				CLANG_WARN_OBJC_IMPLICIT_RETAIN_SELF = YES;
				CLANG_WARN_OBJC_LITERAL_CONVERSION = YES;
				CLANG_WARN_OBJC_ROOT_CLASS = YES_ERROR;
				CLANG_WARN_QUOTED_INCLUDE_IN_FRAMEWORK_HEADER = YES;
				CLANG_WARN_RANGE_LOOP_ANALYSIS = YES;
				CLANG_WARN_STRICT_PROTOTYPES = YES;
				CLANG_WARN_SUSPICIOUS_MOVE = YES;
				CLANG_WARN_UNGUARDED_AVAILABILITY = YES_AGGRESSIVE;
				CLANG_WARN_UNREACHABLE_CODE = YES;
				CLANG_WARN__DUPLICATE_METHOD_MATCH = YES;
				COPY_PHASE_STRIP = NO;
				DEBUG_INFORMATION_FORMAT = "dwarf-with-dsym";
				ENABLE_NS_ASSERTIONS = NO;
				ENABLE_STRICT_OBJC_MSGSEND = YES;
				GCC_C_LANGUAGE_STANDARD = gnu11;
				GCC_NO_COMMON_BLOCKS = YES;
				GCC_WARN_64_TO_32_BIT_CONVERSION = YES;
				GCC_WARN_ABOUT_RETURN_TYPE = YES_ERROR;
				GCC_WARN_UNDECLARED_SELECTOR = YES;
				GCC_WARN_UNINITIALIZED_AUTOS = YES_AGGRESSIVE;
				GCC_WARN_UNUSED_FUNCTION = YES;
				GCC_WARN_UNUSED_VARIABLE = YES;
				IPHONEOS_DEPLOYMENT_TARGET = 14.5;
				MTL_ENABLE_DEBUG_INFO = NO;
				MTL_FAST_MATH = YES;
				SDKROOT = iphoneos;
				SWIFT_COMPILATION_MODE = wholemodule;
				SWIFT_OPTIMIZATION_LEVEL = "-O";
				VALIDATE_PRODUCT = YES;
			};
			name = Release;
		};
		2A650C2626B75812004A4700 /* Debug */ = {
			isa = XCBuildConfiguration;
			buildSettings = {
				ASSETCATALOG_COMPILER_APPICON_NAME = AppIcon;
				ASSETCATALOG_COMPILER_GLOBAL_ACCENT_COLOR_NAME = AccentColor;
				CODE_SIGN_STYLE = Automatic;
				DEVELOPMENT_TEAM = LT794PW6WC;
				INFOPLIST_FILE = CalculadoraDigitalHouse/Info.plist;
				LD_RUNPATH_SEARCH_PATHS = (
					"$(inherited)",
					"@executable_path/Frameworks",
				);
				PRODUCT_BUNDLE_IDENTIFIER = com.codeservicesconsulting.CalculadoraDigitalHouse;
				PRODUCT_NAME = "$(TARGET_NAME)";
				SWIFT_VERSION = 5.0;
				TARGETED_DEVICE_FAMILY = "1,2";
			};
			name = Debug;
		};
		2A650C2726B75812004A4700 /* Release */ = {
			isa = XCBuildConfiguration;
			buildSettings = {
				ASSETCATALOG_COMPILER_APPICON_NAME = AppIcon;
				ASSETCATALOG_COMPILER_GLOBAL_ACCENT_COLOR_NAME = AccentColor;
				CODE_SIGN_STYLE = Automatic;
				DEVELOPMENT_TEAM = LT794PW6WC;
				INFOPLIST_FILE = CalculadoraDigitalHouse/Info.plist;
				LD_RUNPATH_SEARCH_PATHS = (
					"$(inherited)",
					"@executable_path/Frameworks",
				);
				PRODUCT_BUNDLE_IDENTIFIER = com.codeservicesconsulting.CalculadoraDigitalHouse;
				PRODUCT_NAME = "$(TARGET_NAME)";
				SWIFT_VERSION = 5.0;
				TARGETED_DEVICE_FAMILY = "1,2";
			};
			name = Release;
		};
		2A650C2926B75812004A4700 /* Debug */ = {
			isa = XCBuildConfiguration;
			buildSettings = {
				ALWAYS_EMBED_SWIFT_STANDARD_LIBRARIES = YES;
				BUNDLE_LOADER = "$(TEST_HOST)";
				CODE_SIGN_STYLE = Automatic;
				DEVELOPMENT_TEAM = LT794PW6WC;
				INFOPLIST_FILE = CalculadoraDigitalHouseTests/Info.plist;
				IPHONEOS_DEPLOYMENT_TARGET = 14.5;
				LD_RUNPATH_SEARCH_PATHS = (
					"$(inherited)",
					"@executable_path/Frameworks",
					"@loader_path/Frameworks",
				);
				PRODUCT_BUNDLE_IDENTIFIER = com.codeservicesconsulting.CalculadoraDigitalHouseTests;
				PRODUCT_NAME = "$(TARGET_NAME)";
				SWIFT_VERSION = 5.0;
				TARGETED_DEVICE_FAMILY = "1,2";
				TEST_HOST = "$(BUILT_PRODUCTS_DIR)/CalculadoraDigitalHouse.app/CalculadoraDigitalHouse";
			};
			name = Debug;
		};
		2A650C2A26B75812004A4700 /* Release */ = {
			isa = XCBuildConfiguration;
			buildSettings = {
				ALWAYS_EMBED_SWIFT_STANDARD_LIBRARIES = YES;
				BUNDLE_LOADER = "$(TEST_HOST)";
				CODE_SIGN_STYLE = Automatic;
				DEVELOPMENT_TEAM = LT794PW6WC;
				INFOPLIST_FILE = CalculadoraDigitalHouseTests/Info.plist;
				IPHONEOS_DEPLOYMENT_TARGET = 14.5;
				LD_RUNPATH_SEARCH_PATHS = (
					"$(inherited)",
					"@executable_path/Frameworks",
					"@loader_path/Frameworks",
				);
				PRODUCT_BUNDLE_IDENTIFIER = com.codeservicesconsulting.CalculadoraDigitalHouseTests;
				PRODUCT_NAME = "$(TARGET_NAME)";
				SWIFT_VERSION = 5.0;
				TARGETED_DEVICE_FAMILY = "1,2";
				TEST_HOST = "$(BUILT_PRODUCTS_DIR)/CalculadoraDigitalHouse.app/CalculadoraDigitalHouse";
			};
			name = Release;
		};
		2A650C2C26B75812004A4700 /* Debug */ = {
			isa = XCBuildConfiguration;
			buildSettings = {
				ALWAYS_EMBED_SWIFT_STANDARD_LIBRARIES = YES;
				CODE_SIGN_STYLE = Automatic;
				DEVELOPMENT_TEAM = LT794PW6WC;
				INFOPLIST_FILE = CalculadoraDigitalHouseUITests/Info.plist;
				LD_RUNPATH_SEARCH_PATHS = (
					"$(inherited)",
					"@executable_path/Frameworks",
					"@loader_path/Frameworks",
				);
				PRODUCT_BUNDLE_IDENTIFIER = com.codeservicesconsulting.CalculadoraDigitalHouseUITests;
				PRODUCT_NAME = "$(TARGET_NAME)";
				SWIFT_VERSION = 5.0;
				TARGETED_DEVICE_FAMILY = "1,2";
				TEST_TARGET_NAME = CalculadoraDigitalHouse;
			};
			name = Debug;
		};
		2A650C2D26B75812004A4700 /* Release */ = {
			isa = XCBuildConfiguration;
			buildSettings = {
				ALWAYS_EMBED_SWIFT_STANDARD_LIBRARIES = YES;
				CODE_SIGN_STYLE = Automatic;
				DEVELOPMENT_TEAM = LT794PW6WC;
				INFOPLIST_FILE = CalculadoraDigitalHouseUITests/Info.plist;
				LD_RUNPATH_SEARCH_PATHS = (
					"$(inherited)",
					"@executable_path/Frameworks",
					"@loader_path/Frameworks",
				);
				PRODUCT_BUNDLE_IDENTIFIER = com.codeservicesconsulting.CalculadoraDigitalHouseUITests;
				PRODUCT_NAME = "$(TARGET_NAME)";
				SWIFT_VERSION = 5.0;
				TARGETED_DEVICE_FAMILY = "1,2";
				TEST_TARGET_NAME = CalculadoraDigitalHouse;
			};
			name = Release;
		};
/* End XCBuildConfiguration section */

/* Begin XCConfigurationList section */
		2A650BF626B75808004A4700 /* Build configuration list for PBXProject "CalculadoraDigitalHouse" */ = {
			isa = XCConfigurationList;
			buildConfigurations = (
				2A650C2326B75812004A4700 /* Debug */,
				2A650C2426B75812004A4700 /* Release */,
			);
			defaultConfigurationIsVisible = 0;
			defaultConfigurationName = Release;
		};
		2A650C2526B75812004A4700 /* Build configuration list for PBXNativeTarget "CalculadoraDigitalHouse" */ = {
			isa = XCConfigurationList;
			buildConfigurations = (
				2A650C2626B75812004A4700 /* Debug */,
				2A650C2726B75812004A4700 /* Release */,
			);
			defaultConfigurationIsVisible = 0;
			defaultConfigurationName = Release;
		};
		2A650C2826B75812004A4700 /* Build configuration list for PBXNativeTarget "CalculadoraDigitalHouseTests" */ = {
			isa = XCConfigurationList;
			buildConfigurations = (
				2A650C2926B75812004A4700 /* Debug */,
				2A650C2A26B75812004A4700 /* Release */,
			);
			defaultConfigurationIsVisible = 0;
			defaultConfigurationName = Release;
		};
		2A650C2B26B75812004A4700 /* Build configuration list for PBXNativeTarget "CalculadoraDigitalHouseUITests" */ = {
			isa = XCConfigurationList;
			buildConfigurations = (
				2A650C2C26B75812004A4700 /* Debug */,
				2A650C2D26B75812004A4700 /* Release */,
			);
			defaultConfigurationIsVisible = 0;
			defaultConfigurationName = Release;
		};
/* End XCConfigurationList section */
	};
	rootObject = 2A650BF326B75808004A4700 /* Project object */;
}
